
Microsoft Visual Studio Solution File, Format Version 12.00
# Visual Studio Version 16
VisualStudioVersion = 16.0.30204.135
MinimumVisualStudioVersion = 10.0.40219.1
Project("{FAE04EC0-301F-11D3-BF4B-00C04F79EFBC}") = "StaffSuggestAPI", "StaffSuggestAPI.csproj", "{5509491A-AD2A-4325-97ED-03A983B2DC1B}"
EndProject
Global
	GlobalSection(SolutionConfigurationPlatforms) = preSolution
		Debug|Any CPU = Debug|Any CPU
		Release|Any CPU = Release|Any CPU
	EndGlobalSection
	GlobalSection(ProjectConfigurationPlatforms) = postSolution
		{5509491A-AD2A-4325-97ED-03A983B2DC1B}.Debug|Any CPU.ActiveCfg = Debug|Any CPU
		{5509491A-AD2A-4325-97ED-03A983B2DC1B}.Debug|Any CPU.Build.0 = Debug|Any CPU
		{5509491A-AD2A-4325-97ED-03A983B2DC1B}.Release|Any CPU.ActiveCfg = Release|Any CPU
		{5509491A-AD2A-4325-97ED-03A983B2DC1B}.Release|Any CPU.Build.0 = Release|Any CPU
	EndGlobalSection
	GlobalSection(SolutionProperties) = preSolution
		HideSolutionNode = FALSE
	EndGlobalSection
	GlobalSection(ExtensibilityGlobals) = postSolution
		SolutionGuid = {6F618703-F37D-4E19-B3F2-6FB22E1F1545}
	EndGlobalSection
EndGlobal
